
Microsoft Visual Studio Solution File, Format Version 12.00
# Visual Studio Version 17
VisualStudioVersion = 17.6.33723.286
MinimumVisualStudioVersion = 10.0.40219.1
Project("{FAE04EC0-301F-11D3-BF4B-00C04F79EFBC}") = "RabbitMqExample.Api", "RabbitMqExample.Api\RabbitMqExample.Api.csproj", "{2ABCA716-CBBC-4061-9F77-3042FE273A3D}"
EndProject
Global
	GlobalSection(SolutionConfigurationPlatforms) = preSolution
		Debug|Any CPU = Debug|Any CPU
		Release|Any CPU = Release|Any CPU
	EndGlobalSection
	GlobalSection(ProjectConfigurationPlatforms) = postSolution
		{2ABCA716-CBBC-4061-9F77-3042FE273A3D}.Debug|Any CPU.ActiveCfg = Debug|Any CPU
		{2ABCA716-CBBC-4061-9F77-3042FE273A3D}.Debug|Any CPU.Build.0 = Debug|Any CPU
		{2ABCA716-CBBC-4061-9F77-3042FE273A3D}.Release|Any CPU.ActiveCfg = Release|Any CPU
		{2ABCA716-CBBC-4061-9F77-3042FE273A3D}.Release|Any CPU.Build.0 = Release|Any CPU
	EndGlobalSection
	GlobalSection(SolutionProperties) = preSolution
		HideSolutionNode = FALSE
	EndGlobalSection
	GlobalSection(ExtensibilityGlobals) = postSolution
		SolutionGuid = {6C075811-1FBB-4D2D-8C49-7290367E2C39}
	EndGlobalSection
EndGlobal
